
Microsoft Visual Studio Solution File, Format Version 12.00
# Visual Studio Version 16
VisualStudioVersion = 16.0.31624.102
MinimumVisualStudioVersion = 10.0.40219.1
Project("{9A19103F-16F7-4668-BE54-9A1E7A4F7556}") = "YTG35V_HFT_2021222.Client", "YTG35V_HFT_2021222.Client\YTG35V_HFT_2021222.Client.csproj", "{1CBAF947-D608-4628-B4AC-BC48565ED045}"
EndProject
Project("{9A19103F-16F7-4668-BE54-9A1E7A4F7556}") = "YTG35V_HFT_2021222.Models", "YTG35V_HFT_2021222.Models\YTG35V_HFT_2021222.Models.csproj", "{A82DD121-C48E-4E9D-B67A-135ACCE465FC}"
EndProject
Project("{9A19103F-16F7-4668-BE54-9A1E7A4F7556}") = "YTG35V_HFT_2021222.Logic", "YTG35V_HFT_2021222.Logic\YTG35V_HFT_2021222.Logic.csproj", "{23074C92-29CC-47D5-A677-7FB06BF77B34}"
EndProject
Project("{2150E333-8FDC-42A3-9474-1A3956D46DE8}") = "Backend", "Backend", "{52DB44A1-F404-403A-A3BD-2B45B62121BB}"
EndProject
Project("{2150E333-8FDC-42A3-9474-1A3956D46DE8}") = "Frontend", "Frontend", "{012805EA-040A-41D2-9034-C8F5C347347C}"
EndProject
Project("{2150E333-8FDC-42A3-9474-1A3956D46DE8}") = "Shared", "Shared", "{5DDADB6A-D91E-4F1E-B862-3E628EAC7999}"
EndProject
Project("{2150E333-8FDC-42A3-9474-1A3956D46DE8}") = "Others", "Others", "{FBCAA0D2-FE4F-4BED-82CF-C973CCA014E7}"
	ProjectSection(SolutionItems) = preProject
		.gitignore = .gitignore
	EndProjectSection
EndProject
Project("{9A19103F-16F7-4668-BE54-9A1E7A4F7556}") = "YTG35V_HFT_2021222.Repository", "YTG35V_HFT_202122.Repository\YTG35V_HFT_2021222.Repository.csproj", "{A5EF4B9E-0C4B-44B0-8C21-93C2C4E1DAED}"
EndProject
Project("{9A19103F-16F7-4668-BE54-9A1E7A4F7556}") = "YTG35V_HFT_2021222.Endpoint", "WebApplication1\YTG35V_HFT_2021222.Endpoint.csproj", "{045DEFBE-B22E-440D-AB37-12D423EC69EE}"
EndProject
Project("{FAE04EC0-301F-11D3-BF4B-00C04F79EFBC}") = "YTG35V_HFT_2021222_Test", "YTG35V_HFT_2021222_Test\YTG35V_HFT_2021222_Test.csproj", "{83238734-B6A7-476D-B8F2-54E243CA143D}"
EndProject
Global
	GlobalSection(SolutionConfigurationPlatforms) = preSolution
		Debug|Any CPU = Debug|Any CPU
		Release|Any CPU = Release|Any CPU
	EndGlobalSection
	GlobalSection(ProjectConfigurationPlatforms) = postSolution
		{1CBAF947-D608-4628-B4AC-BC48565ED045}.Debug|Any CPU.ActiveCfg = Debug|Any CPU
		{1CBAF947-D608-4628-B4AC-BC48565ED045}.Debug|Any CPU.Build.0 = Debug|Any CPU
		{1CBAF947-D608-4628-B4AC-BC48565ED045}.Release|Any CPU.ActiveCfg = Release|Any CPU
		{1CBAF947-D608-4628-B4AC-BC48565ED045}.Release|Any CPU.Build.0 = Release|Any CPU
		{A82DD121-C48E-4E9D-B67A-135ACCE465FC}.Debug|Any CPU.ActiveCfg = Debug|Any CPU
		{A82DD121-C48E-4E9D-B67A-135ACCE465FC}.Debug|Any CPU.Build.0 = Debug|Any CPU
		{A82DD121-C48E-4E9D-B67A-135ACCE465FC}.Release|Any CPU.ActiveCfg = Release|Any CPU
		{A82DD121-C48E-4E9D-B67A-135ACCE465FC}.Release|Any CPU.Build.0 = Release|Any CPU
		{23074C92-29CC-47D5-A677-7FB06BF77B34}.Debug|Any CPU.ActiveCfg = Debug|Any CPU
		{23074C92-29CC-47D5-A677-7FB06BF77B34}.Debug|Any CPU.Build.0 = Debug|Any CPU
		{23074C92-29CC-47D5-A677-7FB06BF77B34}.Release|Any CPU.ActiveCfg = Release|Any CPU
		{23074C92-29CC-47D5-A677-7FB06BF77B34}.Release|Any CPU.Build.0 = Release|Any CPU
		{A5EF4B9E-0C4B-44B0-8C21-93C2C4E1DAED}.Debug|Any CPU.ActiveCfg = Debug|Any CPU
		{A5EF4B9E-0C4B-44B0-8C21-93C2C4E1DAED}.Debug|Any CPU.Build.0 = Debug|Any CPU
		{A5EF4B9E-0C4B-44B0-8C21-93C2C4E1DAED}.Release|Any CPU.ActiveCfg = Release|Any CPU
		{A5EF4B9E-0C4B-44B0-8C21-93C2C4E1DAED}.Release|Any CPU.Build.0 = Release|Any CPU
		{045DEFBE-B22E-440D-AB37-12D423EC69EE}.Debug|Any CPU.ActiveCfg = Debug|Any CPU
		{045DEFBE-B22E-440D-AB37-12D423EC69EE}.Debug|Any CPU.Build.0 = Debug|Any CPU
		{045DEFBE-B22E-440D-AB37-12D423EC69EE}.Release|Any CPU.ActiveCfg = Release|Any CPU
		{045DEFBE-B22E-440D-AB37-12D423EC69EE}.Release|Any CPU.Build.0 = Release|Any CPU
		{83238734-B6A7-476D-B8F2-54E243CA143D}.Debug|Any CPU.ActiveCfg = Debug|Any CPU
		{83238734-B6A7-476D-B8F2-54E243CA143D}.Debug|Any CPU.Build.0 = Debug|Any CPU
		{83238734-B6A7-476D-B8F2-54E243CA143D}.Release|Any CPU.ActiveCfg = Release|Any CPU
		{83238734-B6A7-476D-B8F2-54E243CA143D}.Release|Any CPU.Build.0 = Release|Any CPU
	EndGlobalSection
	GlobalSection(SolutionProperties) = preSolution
		HideSolutionNode = FALSE
	EndGlobalSection
	GlobalSection(NestedProjects) = preSolution
		{1CBAF947-D608-4628-B4AC-BC48565ED045} = {012805EA-040A-41D2-9034-C8F5C347347C}
		{A82DD121-C48E-4E9D-B67A-135ACCE465FC} = {5DDADB6A-D91E-4F1E-B862-3E628EAC7999}
		{23074C92-29CC-47D5-A677-7FB06BF77B34} = {52DB44A1-F404-403A-A3BD-2B45B62121BB}
		{A5EF4B9E-0C4B-44B0-8C21-93C2C4E1DAED} = {52DB44A1-F404-403A-A3BD-2B45B62121BB}
		{045DEFBE-B22E-440D-AB37-12D423EC69EE} = {52DB44A1-F404-403A-A3BD-2B45B62121BB}
		{83238734-B6A7-476D-B8F2-54E243CA143D} = {52DB44A1-F404-403A-A3BD-2B45B62121BB}
	EndGlobalSection
	GlobalSection(ExtensibilityGlobals) = postSolution
		SolutionGuid = {EC1720FE-EC5B-4435-8332-B867F2088C4F}
	EndGlobalSection
EndGlobal
